// !$*UTF8*$!
{
	archiveVersion = 1;
	classes = {
	};
	objectVersion = 77;
	objects = {

/* Begin PBXContainerItemProxy section */
		58ADDAF72F0D63EC008553A8 /* PBXContainerItemProxy */ = {
			isa = PBXContainerItemProxy;
			containerPortal = 58ADDAE12F0D63EB008553A8 /* Project object */;
			proxyType = 1;
			remoteGlobalIDString = 58ADDAE82F0D63EB008553A8;
			remoteInfo = LeetBoo;
		};
		58ADDB012F0D63EC008553A8 /* PBXContainerItemProxy */ = {
			isa = PBXContainerItemProxy;
			containerPortal = 58ADDAE12F0D63EB008553A8 /* Project object */;
			proxyType = 1;
			remoteGlobalIDString = 58ADDAE82F0D63EB008553A8;
			remoteInfo = LeetBoo;
		};
/* End PBXContainerItemProxy section */

/* Begin PBXFileReference section */
		58ADDAE92F0D63EB008553A8 /* LeetBoo.app */ = {isa = PBXFileReference; explicitFileType = wrapper.application; includeInIndex = 0; path = LeetBoo.app; sourceTree = BUILT_PRODUCTS_DIR; };
		58ADDAF62F0D63EC008553A8 /* LeetBooTests.xctest */ = {isa = PBXFileReference; explicitFileType = wrapper.cfbundle; includeInIndex = 0; path = LeetBooTests.xctest; sourceTree = BUILT_PRODUCTS_DIR; };
		58ADDB002F0D63EC008553A8 /* LeetBooUITests.xctest */ = {isa = PBXFileReference; explicitFileType = wrapper.cfbundle; includeInIndex = 0; path = LeetBooUITests.xctest; sourceTree = BUILT_PRODUCTS_DIR; };
/* End PBXFileReference section */

/* Begin PBXFileSystemSynchronizedRootGroup section */
		58ADDAEB2F0D63EB008553A8 /* LeetBoo */ = {
			isa = PBXFileSystemSynchronizedRootGroup;
			path = LeetBoo;
			sourceTree = "<group>";
		};
		58ADDAF92F0D63EC008553A8 /* LeetBooTests */ = {
			isa = PBXFileSystemSynchronizedRootGroup;
			path = LeetBooTests;
			sourceTree = "<group>";
		};
		58ADDB032F0D63EC008553A8 /* LeetBooUITests */ = {
			isa = PBXFileSystemSynchronizedRootGroup;
			path = LeetBooUITests;
			sourceTree = "<group>";
		};
/* End PBXFileSystemSynchronizedRootGroup section */

/* Begin PBXFrameworksBuildPhase section */
		58ADDAE62F0D63EB008553A8 /* Frameworks */ = {
			isa = PBXFrameworksBuildPhase;
			buildActionMask = 2147483647;
			files = (
			);
			runOnlyForDeploymentPostprocessing = 0;
		};
		58ADDAF32F0D63EC008553A8 /* Frameworks */ = {
			isa = PBXFrameworksBuildPhase;
			buildActionMask = 2147483647;
			files = (
			);
			runOnlyForDeploymentPostprocessing = 0;
		};
		58ADDAFD2F0D63EC008553A8 /* Frameworks */ = {
			isa = PBXFrameworksBuildPhase;
			buildActionMask = 2147483647;
			files = (
			);
			runOnlyForDeploymentPostprocessing = 0;
		};
/* End PBXFrameworksBuildPhase section */

/* Begin PBXGroup section */
		58ADDAE02F0D63EB008553A8 = {
			isa = PBXGroup;
			children = (
				58ADDAEB2F0D63EB008553A8 /* LeetBoo */,
				58ADDAF92F0D63EC008553A8 /* LeetBooTests */,
				58ADDB032F0D63EC008553A8 /* LeetBooUITests */,
				58ADDAEA2F0D63EB008553A8 /* Products */,
			);
			sourceTree = "<group>";
		};
		58ADDAEA2F0D63EB008553A8 /* Products */ = {
			isa = PBXGroup;
			children = (
				58ADDAE92F0D63EB008553A8 /* LeetBoo.app */,
				58ADDAF62F0D63EC008553A8 /* LeetBooTests.xctest */,
				58ADDB002F0D63EC008553A8 /* LeetBooUITests.xctest */,
			);
			name = Products;
			sourceTree = "<group>";
		};
/* End PBXGroup section */

/* Begin PBXNativeTarget section */
		58ADDAE82F0D63EB008553A8 /* LeetBoo */ = {
			isa = PBXNativeTarget;
			buildConfigurationList = 58ADDB0A2F0D63EC008553A8 /* Build configuration list for PBXNativeTarget "LeetBoo" */;
			buildPhases = (
				58ADDAE52F0D63EB008553A8 /* Sources */,
				58ADDAE62F0D63EB008553A8 /* Frameworks */,
				58ADDAE72F0D63EB008553A8 /* Resources */,
			);
			buildRules = (
			);
			dependencies = (
			);
			fileSystemSynchronizedGroups = (
				58ADDAEB2F0D63EB008553A8 /* LeetBoo */,
			);
			name = LeetBoo;
			packageProductDependencies = (
			);
			productName = LeetBoo;
			productReference = 58ADDAE92F0D63EB008553A8 /* LeetBoo.app */;
			productType = "com.apple.product-type.application";
		};
		58ADDAF52F0D63EC008553A8 /* LeetBooTests */ = {
			isa = PBXNativeTarget;
			buildConfigurationList = 58ADDB0D2F0D63EC008553A8 /* Build configuration list for PBXNativeTarget "LeetBooTests" */;
			buildPhases = (
				58ADDAF22F0D63EC008553A8 /* Sources */,
				58ADDAF32F0D63EC008553A8 /* Frameworks */,
				58ADDAF42F0D63EC008553A8 /* Resources */,
			);
			buildRules = (
			);
			dependencies = (
				58ADDAF82F0D63EC008553A8 /* PBXTargetDependency */,
			);
			fileSystemSynchronizedGroups = (
				58ADDAF92F0D63EC008553A8 /* LeetBooTests */,
			);
			name = LeetBooTests;
			packageProductDependencies = (
			);
			productName = LeetBooTests;
			productReference = 58ADDAF62F0D63EC008553A8 /* LeetBooTests.xctest */;
			productType = "com.apple.product-type.bundle.unit-test";
		};
		58ADDAFF2F0D63EC008553A8 /* LeetBooUITests */ = {
			isa = PBXNativeTarget;
			buildConfigurationList = 58ADDB102F0D63EC008553A8 /* Build configuration list for PBXNativeTarget "LeetBooUITests" */;
			buildPhases = (
				58ADDAFC2F0D63EC008553A8 /* Sources */,
				58ADDAFD2F0D63EC008553A8 /* Frameworks */,
				58ADDAFE2F0D63EC008553A8 /* Resources */,
			);
			buildRules = (
			);
			dependencies = (
				58ADDB022F0D63EC008553A8 /* PBXTargetDependency */,
			);
			fileSystemSynchronizedGroups = (
				58ADDB032F0D63EC008553A8 /* LeetBooUITests */,
			);
			name = LeetBooUITests;
			packageProductDependencies = (
			);
			productName = LeetBooUITests;
			productReference = 58ADDB002F0D63EC008553A8 /* LeetBooUITests.xctest */;
			productType = "com.apple.product-type.bundle.ui-testing";
		};
/* End PBXNativeTarget section */

/* Begin PBXProject section */
		58ADDAE12F0D63EB008553A8 /* Project object */ = {
			isa = PBXProject;
			attributes = {
				BuildIndependentTargetsInParallel = 1;
				LastSwiftUpdateCheck = 1640;
				LastUpgradeCheck = 1640;
				TargetAttributes = {
					58ADDAE82F0D63EB008553A8 = {
						CreatedOnToolsVersion = 16.4;
					};
					58ADDAF52F0D63EC008553A8 = {
						CreatedOnToolsVersion = 16.4;
						TestTargetID = 58ADDAE82F0D63EB008553A8;
					};
					58ADDAFF2F0D63EC008553A8 = {
						CreatedOnToolsVersion = 16.4;
						TestTargetID = 58ADDAE82F0D63EB008553A8;
					};
				};
			};
			buildConfigurationList = 58ADDAE42F0D63EB008553A8 /* Build configuration list for PBXProject "LeetBoo" */;
			developmentRegion = en;
			hasScannedForEncodings = 0;
			knownRegions = (
				en,
				Base,
			);
			mainGroup = 58ADDAE02F0D63EB008553A8;
			minimizedProjectReferenceProxies = 1;
			preferredProjectObjectVersion = 77;
			productRefGroup = 58ADDAEA2F0D63EB008553A8 /* Products */;
			projectDirPath = "";
			projectRoot = "";
			targets = (
				58ADDAE82F0D63EB008553A8 /* LeetBoo */,
				58ADDAF52F0D63EC008553A8 /* LeetBooTests */,
				58ADDAFF2F0D63EC008553A8 /* LeetBooUITests */,
			);
		};
/* End PBXProject section */

/* Begin PBXResourcesBuildPhase section */
		58ADDAE72F0D63EB008553A8 /* Resources */ = {
			isa = PBXResourcesBuildPhase;
			buildActionMask = 2147483647;
			files = (
			);
			runOnlyForDeploymentPostprocessing = 0;
		};
		58ADDAF42F0D63EC008553A8 /* Resources */ = {
			isa = PBXResourcesBuildPhase;
			buildActionMask = 2147483647;
			files = (
			);
			runOnlyForDeploymentPostprocessing = 0;
		};
		58ADDAFE2F0D63EC008553A8 /* Resources */ = {
			isa = PBXResourcesBuildPhase;
			buildActionMask = 2147483647;
			files = (
			);
			runOnlyForDeploymentPostprocessing = 0;
		};
/* End PBXResourcesBuildPhase section */

/* Begin PBXSourcesBuildPhase section */
		58ADDAE52F0D63EB008553A8 /* Sources */ = {
			isa = PBXSourcesBuildPhase;
			buildActionMask = 2147483647;
			files = (
			);
			runOnlyForDeploymentPostprocessing = 0;
		};
		58ADDAF22F0D63EC008553A8 /* Sources */ = {
			isa = PBXSourcesBuildPhase;
			buildActionMask = 2147483647;
			files = (
			);
			runOnlyForDeploymentPostprocessing = 0;
		};
		58ADDAFC2F0D63EC008553A8 /* Sources */ = {
			isa = PBXSourcesBuildPhase;
			buildActionMask = 2147483647;
			files = (
			);
			runOnlyForDeploymentPostprocessing = 0;
		};
/* End PBXSourcesBuildPhase section */

/* Begin PBXTargetDependency section */
		58ADDAF82F0D63EC008553A8 /* PBXTargetDependency */ = {
			isa = PBXTargetDependency;
			target = 58ADDAE82F0D63EB008553A8 /* LeetBoo */;
			targetProxy = 58ADDAF72F0D63EC008553A8 /* PBXContainerItemProxy */;
		};
		58ADDB022F0D63EC008553A8 /* PBXTargetDependency */ = {
			isa = PBXTargetDependency;
			target = 58ADDAE82F0D63EB008553A8 /* LeetBoo */;
			targetProxy = 58ADDB012F0D63EC008553A8 /* PBXContainerItemProxy */;
		};
/* End PBXTargetDependency section */

/* Begin XCBuildConfiguration section */
		58ADDB082F0D63EC008553A8 /* Debug */ = {
			isa = XCBuildConfiguration;
			buildSettings = {
				ALWAYS_SEARCH_USER_PATHS = NO;
				ASSETCATALOG_COMPILER_GENERATE_SWIFT_ASSET_SYMBOL_EXTENSIONS = YES;
				CLANG_ANALYZER_NONNULL = YES;
				CLANG_ANALYZER_NUMBER_OBJECT_CONVERSION = YES_AGGRESSIVE;
				CLANG_CXX_LANGUAGE_STANDARD = "gnu++20";
				CLANG_ENABLE_MODULES = YES;
				CLANG_ENABLE_OBJC_ARC = YES;
				CLANG_ENABLE_OBJC_WEAK = YES;
				CLANG_WARN_BLOCK_CAPTURE_AUTORELEASING = YES;
				CLANG_WARN_BOOL_CONVERSION = YES;
				CLANG_WARN_COMMA = YES;
				CLANG_WARN_CONSTANT_CONVERSION = YES;
				CLANG_WARN_DEPRECATED_OBJC_IMPLEMENTATIONS = YES;
				CLANG_WARN_DIRECT_OBJC_ISA_USAGE = YES_ERROR;
				CLANG_WARN_DOCUMENTATION_COMMENTS = YES;
				CLANG_WARN_EMPTY_BODY = YES;
				CLANG_WARN_ENUM_CONVERSION = YES;
				CLANG_WARN_INFINITE_RECURSION = YES;
				CLANG_WARN_INT_CONVERSION = YES;
				CLANG_WARN_NON_LITERAL_NULL_CONVERSION = YES;
				CLANG_WARN_OBJC_IMPLICIT_RETAIN_SELF = YES;
				CLANG_WARN_OBJC_LITERAL_CONVERSION = YES;
				CLANG_WARN_OBJC_ROOT_CLASS = YES_ERROR;
				CLANG_WARN_QUOTED_INCLUDE_IN_FRAMEWORK_HEADER = YES;
				CLANG_WARN_RANGE_LOOP_ANALYSIS = YES;
				CLANG_WARN_STRICT_PROTOTYPES = YES;
				CLANG_WARN_SUSPICIOUS_MOVE = YES;
				CLANG_WARN_UNGUARDED_AVAILABILITY = YES_AGGRESSIVE;
				CLANG_WARN_UNREACHABLE_CODE = YES;
				CLANG_WARN__DUPLICATE_METHOD_MATCH = YES;
				COPY_PHASE_STRIP = NO;
				DEBUG_INFORMATION_FORMAT = dwarf;
				DEVELOPMENT_TEAM = 6AWG6XKD86;
				ENABLE_STRICT_OBJC_MSGSEND = YES;
				ENABLE_TESTABILITY = YES;
				ENABLE_USER_SCRIPT_SANDBOXING = YES;
				GCC_C_LANGUAGE_STANDARD = gnu17;
				GCC_DYNAMIC_NO_PIC = NO;
				GCC_NO_COMMON_BLOCKS = YES;
				GCC_OPTIMIZATION_LEVEL = 0;
				GCC_PREPROCESSOR_DEFINITIONS = (
					"DEBUG=1",
					"$(inherited)",
				);
				GCC_WARN_64_TO_32_BIT_CONVERSION = YES;
				GCC_WARN_ABOUT_RETURN_TYPE = YES_ERROR;
				GCC_WARN_UNDECLARED_SELECTOR = YES;
				GCC_WARN_UNINITIALIZED_AUTOS = YES_AGGRESSIVE;
				GCC_WARN_UNUSED_FUNCTION = YES;
				GCC_WARN_UNUSED_VARIABLE = YES;
				IPHONEOS_DEPLOYMENT_TARGET = 18.5;
				LOCALIZATION_PREFERS_STRING_CATALOGS = YES;
				MTL_ENABLE_DEBUG_INFO = INCLUDE_SOURCE;
				MTL_FAST_MATH = YES;
				ONLY_ACTIVE_ARCH = YES;
				SDKROOT = iphoneos;
				SWIFT_ACTIVE_COMPILATION_CONDITIONS = "DEBUG $(inherited)";
				SWIFT_OPTIMIZATION_LEVEL = "-Onone";
			};
			name = Debug;
		};
		58ADDB092F0D63EC008553A8 /* Release */ = {
			isa = XCBuildConfiguration;
			buildSettings = {
				ALWAYS_SEARCH_USER_PATHS = NO;
				ASSETCATALOG_COMPILER_GENERATE_SWIFT_ASSET_SYMBOL_EXTENSIONS = YES;
				CLANG_ANALYZER_NONNULL = YES;
				CLANG_ANALYZER_NUMBER_OBJECT_CONVERSION = YES_AGGRESSIVE;
				CLANG_CXX_LANGUAGE_STANDARD = "gnu++20";
				CLANG_ENABLE_MODULES = YES;
				CLANG_ENABLE_OBJC_ARC = YES;
				CLANG_ENABLE_OBJC_WEAK = YES;
				CLANG_WARN_BLOCK_CAPTURE_AUTORELEASING = YES;
				CLANG_WARN_BOOL_CONVERSION = YES;
				CLANG_WARN_COMMA = YES;
				CLANG_WARN_CONSTANT_CONVERSION = YES;
				CLANG_WARN_DEPRECATED_OBJC_IMPLEMENTATIONS = YES;
				CLANG_WARN_DIRECT_OBJC_ISA_USAGE = YES_ERROR;
				CLANG_WARN_DOCUMENTATION_COMMENTS = YES;
				CLANG_WARN_EMPTY_BODY = YES;
				CLANG_WARN_ENUM_CONVERSION = YES;
				CLANG_WARN_INFINITE_RECURSION = YES;
				CLANG_WARN_INT_CONVERSION = YES;
				CLANG_WARN_NON_LITERAL_NULL_CONVERSION = YES;
				CLANG_WARN_OBJC_IMPLICIT_RETAIN_SELF = YES;
				CLANG_WARN_OBJC_LITERAL_CONVERSION = YES;
				CLANG_WARN_OBJC_ROOT_CLASS = YES_ERROR;
				CLANG_WARN_QUOTED_INCLUDE_IN_FRAMEWORK_HEADER = YES;
				CLANG_WARN_RANGE_LOOP_ANALYSIS = YES;
				CLANG_WARN_STRICT_PROTOTYPES = YES;
				CLANG_WARN_SUSPICIOUS_MOVE = YES;
				CLANG_WARN_UNGUARDED_AVAILABILITY = YES_AGGRESSIVE;
				CLANG_WARN_UNREACHABLE_CODE = YES;
				CLANG_WARN__DUPLICATE_METHOD_MATCH = YES;
				COPY_PHASE_STRIP = NO;
				DEBUG_INFORMATION_FORMAT = "dwarf-with-dsym";
				DEVELOPMENT_TEAM = 6AWG6XKD86;
				ENABLE_NS_ASSERTIONS = NO;
				ENABLE_STRICT_OBJC_MSGSEND = YES;
				ENABLE_USER_SCRIPT_SANDBOXING = YES;
				GCC_C_LANGUAGE_STANDARD = gnu17;
				GCC_NO_COMMON_BLOCKS = YES;
				GCC_WARN_64_TO_32_BIT_CONVERSION = YES;
				GCC_WARN_ABOUT_RETURN_TYPE = YES_ERROR;
				GCC_WARN_UNDECLARED_SELECTOR = YES;
				GCC_WARN_UNINITIALIZED_AUTOS = YES_AGGRESSIVE;
				GCC_WARN_UNUSED_FUNCTION = YES;
				GCC_WARN_UNUSED_VARIABLE = YES;
				IPHONEOS_DEPLOYMENT_TARGET = 18.5;
				LOCALIZATION_PREFERS_STRING_CATALOGS = YES;
				MTL_ENABLE_DEBUG_INFO = NO;
				MTL_FAST_MATH = YES;
				SDKROOT = iphoneos;
				SWIFT_COMPILATION_MODE = wholemodule;
				VALIDATE_PRODUCT = YES;
			};
			name = Release;
		};
		58ADDB0B2F0D63EC008553A8 /* Debug */ = {
			isa = XCBuildConfiguration;
			buildSettings = {
				ASSETCATALOG_COMPILER_APPICON_NAME = AppIcon;
				ASSETCATALOG_COMPILER_GLOBAL_ACCENT_COLOR_NAME = AccentColor;
				CODE_SIGN_STYLE = Automatic;
				CURRENT_PROJECT_VERSION = 1;
				DEVELOPMENT_TEAM = 6AWG6XKD86;
				ENABLE_PREVIEWS = YES;
				GENERATE_INFOPLIST_FILE = YES;
				INFOPLIST_KEY_UIApplicationSceneManifest_Generation = YES;
				INFOPLIST_KEY_UIApplicationSupportsIndirectInputEvents = YES;
				INFOPLIST_KEY_UILaunchScreen_Generation = YES;
				INFOPLIST_KEY_UISupportedInterfaceOrientations_iPad = "UIInterfaceOrientationPortrait UIInterfaceOrientationPortraitUpsideDown UIInterfaceOrientationLandscapeLeft UIInterfaceOrientationLandscapeRight";
				INFOPLIST_KEY_UISupportedInterfaceOrientations_iPhone = "UIInterfaceOrientationPortrait UIInterfaceOrientationLandscapeLeft UIInterfaceOrientationLandscapeRight";
				LD_RUNPATH_SEARCH_PATHS = (
					"$(inherited)",
					"@executable_path/Frameworks",
				);
				MARKETING_VERSION = 1.1;
				PRODUCT_BUNDLE_IDENTIFIER = evangelosmeklis.LeetBoo;
				PRODUCT_NAME = "$(TARGET_NAME)";
				SWIFT_EMIT_LOC_STRINGS = YES;
				SWIFT_VERSION = 5.0;
				TARGETED_DEVICE_FAMILY = "1,2";
			};
			name = Debug;
		};
		58ADDB0C2F0D63EC008553A8 /* Release */ = {
			isa = XCBuildConfiguration;
			buildSettings = {
				ASSETCATALOG_COMPILER_APPICON_NAME = AppIcon;
				ASSETCATALOG_COMPILER_GLOBAL_ACCENT_COLOR_NAME = AccentColor;
				CODE_SIGN_STYLE = Automatic;
				CURRENT_PROJECT_VERSION = 1;
				DEVELOPMENT_TEAM = 6AWG6XKD86;
				ENABLE_PREVIEWS = YES;
				GENERATE_INFOPLIST_FILE = YES;
				INFOPLIST_KEY_UIApplicationSceneManifest_Generation = YES;
				INFOPLIST_KEY_UIApplicationSupportsIndirectInputEvents = YES;
				INFOPLIST_KEY_UILaunchScreen_Generation = YES;
				INFOPLIST_KEY_UISupportedInterfaceOrientations_iPad = "UIInterfaceOrientationPortrait UIInterfaceOrientationPortraitUpsideDown UIInterfaceOrientationLandscapeLeft UIInterfaceOrientationLandscapeRight";
				INFOPLIST_KEY_UISupportedInterfaceOrientations_iPhone = "UIInterfaceOrientationPortrait UIInterfaceOrientationLandscapeLeft UIInterfaceOrientationLandscapeRight";
				LD_RUNPATH_SEARCH_PATHS = (
					"$(inherited)",
					"@executable_path/Frameworks",
				);
				MARKETING_VERSION = 1.1;
				PRODUCT_BUNDLE_IDENTIFIER = evangelosmeklis.LeetBoo;
				PRODUCT_NAME = "$(TARGET_NAME)";
				SWIFT_EMIT_LOC_STRINGS = YES;
				SWIFT_VERSION = 5.0;
				TARGETED_DEVICE_FAMILY = "1,2";
			};
			name = Release;
		};
		58ADDB0E2F0D63EC008553A8 /* Debug */ = {
			isa = XCBuildConfiguration;
			buildSettings = {
				BUNDLE_LOADER = "$(TEST_HOST)";
				CODE_SIGN_STYLE = Automatic;
				CURRENT_PROJECT_VERSION = 1;
				DEVELOPMENT_TEAM = 6AWG6XKD86;
				GENERATE_INFOPLIST_FILE = YES;
				IPHONEOS_DEPLOYMENT_TARGET = 18.5;
				MARKETING_VERSION = 1.1;
				PRODUCT_BUNDLE_IDENTIFIER = evangelosmeklis.LeetBooTests;
				PRODUCT_NAME = "$(TARGET_NAME)";
				SWIFT_EMIT_LOC_STRINGS = NO;
				SWIFT_VERSION = 5.0;
				TARGETED_DEVICE_FAMILY = "1,2";
				TEST_HOST = "$(BUILT_PRODUCTS_DIR)/LeetBoo.app/$(BUNDLE_EXECUTABLE_FOLDER_PATH)/LeetBoo";
			};
			name = Debug;
		};
		58ADDB0F2F0D63EC008553A8 /* Release */ = {
			isa = XCBuildConfiguration;
			buildSettings = {
				BUNDLE_LOADER = "$(TEST_HOST)";
				CODE_SIGN_STYLE = Automatic;
				CURRENT_PROJECT_VERSION = 1;
				DEVELOPMENT_TEAM = 6AWG6XKD86;
				GENERATE_INFOPLIST_FILE = YES;
				IPHONEOS_DEPLOYMENT_TARGET = 18.5;
				MARKETING_VERSION = 1.1;
				PRODUCT_BUNDLE_IDENTIFIER = evangelosmeklis.LeetBooTests;
				PRODUCT_NAME = "$(TARGET_NAME)";
				SWIFT_EMIT_LOC_STRINGS = NO;
				SWIFT_VERSION = 5.0;
				TARGETED_DEVICE_FAMILY = "1,2";
				TEST_HOST = "$(BUILT_PRODUCTS_DIR)/LeetBoo.app/$(BUNDLE_EXECUTABLE_FOLDER_PATH)/LeetBoo";
			};
			name = Release;
		};
		58ADDB112F0D63EC008553A8 /* Debug */ = {
			isa = XCBuildConfiguration;
			buildSettings = {
				CODE_SIGN_STYLE = Automatic;
				CURRENT_PROJECT_VERSION = 1;
				DEVELOPMENT_TEAM = 6AWG6XKD86;
				GENERATE_INFOPLIST_FILE = YES;
				MARKETING_VERSION = 1.1;
				PRODUCT_BUNDLE_IDENTIFIER = evangelosmeklis.LeetBooUITests;
				PRODUCT_NAME = "$(TARGET_NAME)";
				SWIFT_EMIT_LOC_STRINGS = NO;
				SWIFT_VERSION = 5.0;
				TARGETED_DEVICE_FAMILY = "1,2";
				TEST_TARGET_NAME = LeetBoo;
			};
			name = Debug;
		};
		58ADDB122F0D63EC008553A8 /* Release */ = {
			isa = XCBuildConfiguration;
			buildSettings = {
				CODE_SIGN_STYLE = Automatic;
				CURRENT_PROJECT_VERSION = 1;
				DEVELOPMENT_TEAM = 6AWG6XKD86;
				GENERATE_INFOPLIST_FILE = YES;
				MARKETING_VERSION = 1.1;
				PRODUCT_BUNDLE_IDENTIFIER = evangelosmeklis.LeetBooUITests;
				PRODUCT_NAME = "$(TARGET_NAME)";
				SWIFT_EMIT_LOC_STRINGS = NO;
				SWIFT_VERSION = 5.0;
				TARGETED_DEVICE_FAMILY = "1,2";
				TEST_TARGET_NAME = LeetBoo;
			};
			name = Release;
		};
/* End XCBuildConfiguration section */

/* Begin XCConfigurationList section */
		58ADDAE42F0D63EB008553A8 /* Build configuration list for PBXProject "LeetBoo" */ = {
			isa = XCConfigurationList;
			buildConfigurations = (
				58ADDB082F0D63EC008553A8 /* Debug */,
				58ADDB092F0D63EC008553A8 /* Release */,
			);
			defaultConfigurationIsVisible = 0;
			defaultConfigurationName = Release;
		};
		58ADDB0A2F0D63EC008553A8 /* Build configuration list for PBXNativeTarget "LeetBoo" */ = {
			isa = XCConfigurationList;
			buildConfigurations = (
				58ADDB0B2F0D63EC008553A8 /* Debug */,
				58ADDB0C2F0D63EC008553A8 /* Release */,
			);
			defaultConfigurationIsVisible = 0;
			defaultConfigurationName = Release;
		};
		58ADDB0D2F0D63EC008553A8 /* Build configuration list for PBXNativeTarget "LeetBooTests" */ = {
			isa = XCConfigurationList;
			buildConfigurations = (
				58ADDB0E2F0D63EC008553A8 /* Debug */,
				58ADDB0F2F0D63EC008553A8 /* Release */,
			);
			defaultConfigurationIsVisible = 0;
			defaultConfigurationName = Release;
		};
		58ADDB102F0D63EC008553A8 /* Build configuration list for PBXNativeTarget "LeetBooUITests" */ = {
			isa = XCConfigurationList;
			buildConfigurations = (
				58ADDB112F0D63EC008553A8 /* Debug */,
				58ADDB122F0D63EC008553A8 /* Release */,
			);
			defaultConfigurationIsVisible = 0;
			defaultConfigurationName = Release;
		};
/* End XCConfigurationList section */
	};
	rootObject = 58ADDAE12F0D63EB008553A8 /* Project object */;
}
